
Microsoft Visual Studio Solution File, Format Version 12.00
# Visual Studio Version 17
VisualStudioVersion = 17.0.31825.309
MinimumVisualStudioVersion = 10.0.40219.1
Project("{9A19103F-16F7-4668-BE54-9A1E7A4F7556}") = "Quoridor.View", "Quoridor.View.Console\Quoridor.View.csproj", "{168F5D0B-37E1-491C-80FA-7DF379A996CB}"
EndProject
Project("{9A19103F-16F7-4668-BE54-9A1E7A4F7556}") = "Quoridor.OutputConsole.App", "Quoridor.Console.App\Quoridor.OutputConsole.App.csproj", "{81D64F5F-2107-4984-98F1-1EF034CE9F54}"
EndProject
Project("{9A19103F-16F7-4668-BE54-9A1E7A4F7556}") = "Quoridor.OutputConsole.Input", "Quoridor.Console.Input\Quoridor.OutputConsole.Input.csproj", "{8855A7A5-CA92-48B9-A1EB-A16A27252FEB}"
EndProject
Project("{9A19103F-16F7-4668-BE54-9A1E7A4F7556}") = "Quoridor.Model", "Quoridor.Model\Quoridor.Model.csproj", "{800960B1-56F5-4370-B06F-E89521ABB25E}"
EndProject
Project("{9A19103F-16F7-4668-BE54-9A1E7A4F7556}") = "Quoridor.Model.Tests", "Quoridor.Model.Tests\Quoridor.Model.Tests.csproj", "{FCE2CA02-2BF2-4D78-A491-0EF060667FA5}"
EndProject
Project("{9A19103F-16F7-4668-BE54-9A1E7A4F7556}") = "Quoridor.OutputBotConsole.Input", "Quoridor.OutputBotConsole.Input\Quoridor.OutputBotConsole.Input.csproj", "{D9D71AD0-096D-479F-B7CC-8E0364DF5D59}"
EndProject
Project("{9A19103F-16F7-4668-BE54-9A1E7A4F7556}") = "Quoridor.OutputBotConsole.App", "Quoridor.OutputBotConsole.App\Quoridor.OutputBotConsole.App.csproj", "{23B30FBD-9CFD-4AC8-948E-0D261DD4F535}"
EndProject
Project("{2150E333-8FDC-42A3-9474-1A3956D46DE8}") = "Lab1", "Lab1", "{9F084D48-B98E-4860-9946-67B34EAA066B}"
EndProject
Project("{2150E333-8FDC-42A3-9474-1A3956D46DE8}") = "Lab2", "Lab2", "{CDF4D59C-081D-4742-87D4-DFDA77F0038E}"
EndProject
Project("{FAE04EC0-301F-11D3-BF4B-00C04F79EFBC}") = "Quoridor.BotView", "Quoridor.BotView\Quoridor.BotView.csproj", "{5C5A2AF7-67B3-45E8-9C5F-6FA9E94982B9}"
EndProject
Global
	GlobalSection(SolutionConfigurationPlatforms) = preSolution
		Debug|Any CPU = Debug|Any CPU
		Release|Any CPU = Release|Any CPU
	EndGlobalSection
	GlobalSection(ProjectConfigurationPlatforms) = postSolution
		{168F5D0B-37E1-491C-80FA-7DF379A996CB}.Debug|Any CPU.ActiveCfg = Debug|Any CPU
		{168F5D0B-37E1-491C-80FA-7DF379A996CB}.Debug|Any CPU.Build.0 = Debug|Any CPU
		{168F5D0B-37E1-491C-80FA-7DF379A996CB}.Release|Any CPU.ActiveCfg = Release|Any CPU
		{168F5D0B-37E1-491C-80FA-7DF379A996CB}.Release|Any CPU.Build.0 = Release|Any CPU
		{81D64F5F-2107-4984-98F1-1EF034CE9F54}.Debug|Any CPU.ActiveCfg = Debug|Any CPU
		{81D64F5F-2107-4984-98F1-1EF034CE9F54}.Debug|Any CPU.Build.0 = Debug|Any CPU
		{81D64F5F-2107-4984-98F1-1EF034CE9F54}.Release|Any CPU.ActiveCfg = Release|Any CPU
		{81D64F5F-2107-4984-98F1-1EF034CE9F54}.Release|Any CPU.Build.0 = Release|Any CPU
		{8855A7A5-CA92-48B9-A1EB-A16A27252FEB}.Debug|Any CPU.ActiveCfg = Debug|Any CPU
		{8855A7A5-CA92-48B9-A1EB-A16A27252FEB}.Debug|Any CPU.Build.0 = Debug|Any CPU
		{8855A7A5-CA92-48B9-A1EB-A16A27252FEB}.Release|Any CPU.ActiveCfg = Release|Any CPU
		{8855A7A5-CA92-48B9-A1EB-A16A27252FEB}.Release|Any CPU.Build.0 = Release|Any CPU
		{800960B1-56F5-4370-B06F-E89521ABB25E}.Debug|Any CPU.ActiveCfg = Debug|Any CPU
		{800960B1-56F5-4370-B06F-E89521ABB25E}.Debug|Any CPU.Build.0 = Debug|Any CPU
		{800960B1-56F5-4370-B06F-E89521ABB25E}.Release|Any CPU.ActiveCfg = Release|Any CPU
		{800960B1-56F5-4370-B06F-E89521ABB25E}.Release|Any CPU.Build.0 = Release|Any CPU
		{FCE2CA02-2BF2-4D78-A491-0EF060667FA5}.Debug|Any CPU.ActiveCfg = Debug|Any CPU
		{FCE2CA02-2BF2-4D78-A491-0EF060667FA5}.Debug|Any CPU.Build.0 = Debug|Any CPU
		{FCE2CA02-2BF2-4D78-A491-0EF060667FA5}.Release|Any CPU.ActiveCfg = Release|Any CPU
		{FCE2CA02-2BF2-4D78-A491-0EF060667FA5}.Release|Any CPU.Build.0 = Release|Any CPU
		{D9D71AD0-096D-479F-B7CC-8E0364DF5D59}.Debug|Any CPU.ActiveCfg = Debug|Any CPU
		{D9D71AD0-096D-479F-B7CC-8E0364DF5D59}.Debug|Any CPU.Build.0 = Debug|Any CPU
		{D9D71AD0-096D-479F-B7CC-8E0364DF5D59}.Release|Any CPU.ActiveCfg = Release|Any CPU
		{D9D71AD0-096D-479F-B7CC-8E0364DF5D59}.Release|Any CPU.Build.0 = Release|Any CPU
		{23B30FBD-9CFD-4AC8-948E-0D261DD4F535}.Debug|Any CPU.ActiveCfg = Debug|Any CPU
		{23B30FBD-9CFD-4AC8-948E-0D261DD4F535}.Debug|Any CPU.Build.0 = Debug|Any CPU
		{23B30FBD-9CFD-4AC8-948E-0D261DD4F535}.Release|Any CPU.ActiveCfg = Release|Any CPU
		{23B30FBD-9CFD-4AC8-948E-0D261DD4F535}.Release|Any CPU.Build.0 = Release|Any CPU
		{5C5A2AF7-67B3-45E8-9C5F-6FA9E94982B9}.Debug|Any CPU.ActiveCfg = Debug|Any CPU
		{5C5A2AF7-67B3-45E8-9C5F-6FA9E94982B9}.Debug|Any CPU.Build.0 = Debug|Any CPU
		{5C5A2AF7-67B3-45E8-9C5F-6FA9E94982B9}.Release|Any CPU.ActiveCfg = Release|Any CPU
		{5C5A2AF7-67B3-45E8-9C5F-6FA9E94982B9}.Release|Any CPU.Build.0 = Release|Any CPU
	EndGlobalSection
	GlobalSection(SolutionProperties) = preSolution
		HideSolutionNode = FALSE
	EndGlobalSection
	GlobalSection(NestedProjects) = preSolution
		{168F5D0B-37E1-491C-80FA-7DF379A996CB} = {9F084D48-B98E-4860-9946-67B34EAA066B}
		{81D64F5F-2107-4984-98F1-1EF034CE9F54} = {9F084D48-B98E-4860-9946-67B34EAA066B}
		{8855A7A5-CA92-48B9-A1EB-A16A27252FEB} = {9F084D48-B98E-4860-9946-67B34EAA066B}
		{D9D71AD0-096D-479F-B7CC-8E0364DF5D59} = {CDF4D59C-081D-4742-87D4-DFDA77F0038E}
		{23B30FBD-9CFD-4AC8-948E-0D261DD4F535} = {CDF4D59C-081D-4742-87D4-DFDA77F0038E}
		{5C5A2AF7-67B3-45E8-9C5F-6FA9E94982B9} = {CDF4D59C-081D-4742-87D4-DFDA77F0038E}
	EndGlobalSection
	GlobalSection(ExtensibilityGlobals) = postSolution
		SolutionGuid = {1ADE9696-CF22-468A-90C7-B0424049B7DB}
	EndGlobalSection
EndGlobal
